
Microsoft Visual Studio Solution File, Format Version 12.00
# Visual Studio 2015
Project("{FAE04EC0-301F-11D3-BF4B-00C04F79EFBC}") = "CauseAndEffectWeek2.CSharp", "CauseAndEffectWeek2.CSharp.csproj", "{C3062500-B2E3-C1C1-73D5-D242E8E430CC}"
EndProject
Global
	GlobalSection(SolutionConfigurationPlatforms) = preSolution
		Debug|Any CPU = Debug|Any CPU
		Release|Any CPU = Release|Any CPU
	EndGlobalSection
	GlobalSection(ProjectConfigurationPlatforms) = postSolution
		{C3062500-B2E3-C1C1-73D5-D242E8E430CC}.Debug|Any CPU.ActiveCfg = Debug|Any CPU
		{C3062500-B2E3-C1C1-73D5-D242E8E430CC}.Debug|Any CPU.Build.0 = Debug|Any CPU
		{C3062500-B2E3-C1C1-73D5-D242E8E430CC}.Release|Any CPU.ActiveCfg = Release|Any CPU
		{C3062500-B2E3-C1C1-73D5-D242E8E430CC}.Release|Any CPU.Build.0 = Release|Any CPU
	EndGlobalSection
	GlobalSection(SolutionProperties) = preSolution
		HideSolutionNode = FALSE
	EndGlobalSection
EndGlobal
