
Microsoft Visual Studio Solution File, Format Version 12.00
# Visual Studio 2015
Project("{FAE04EC0-301F-11D3-BF4B-00C04F79EFBC}") = "CauseAndEffect.Plugins", "CauseAndEffect.Plugins.csproj", "{886C8ACC-C994-D1FD-0D6A-27E2CDB2159C}"
EndProject
Project("{FAE04EC0-301F-11D3-BF4B-00C04F79EFBC}") = "CauseAndEffect", "CauseAndEffect.csproj", "{DA6597F8-D81D-7392-4153-989F1B5635BC}"
EndProject
Project("{FAE04EC0-301F-11D3-BF4B-00C04F79EFBC}") = "CauseAndEffect.Editor.Plugins", "CauseAndEffect.Editor.Plugins.csproj", "{1E40009F-54A0-8784-7807-A3C2889BB643}"
EndProject
Global
	GlobalSection(SolutionConfigurationPlatforms) = preSolution
		Debug|Any CPU = Debug|Any CPU
		Release|Any CPU = Release|Any CPU
	EndGlobalSection
	GlobalSection(ProjectConfigurationPlatforms) = postSolution
		{886C8ACC-C994-D1FD-0D6A-27E2CDB2159C}.Debug|Any CPU.ActiveCfg = Debug|Any CPU
		{886C8ACC-C994-D1FD-0D6A-27E2CDB2159C}.Debug|Any CPU.Build.0 = Debug|Any CPU
		{886C8ACC-C994-D1FD-0D6A-27E2CDB2159C}.Release|Any CPU.ActiveCfg = Release|Any CPU
		{886C8ACC-C994-D1FD-0D6A-27E2CDB2159C}.Release|Any CPU.Build.0 = Release|Any CPU
		{DA6597F8-D81D-7392-4153-989F1B5635BC}.Debug|Any CPU.ActiveCfg = Debug|Any CPU
		{DA6597F8-D81D-7392-4153-989F1B5635BC}.Debug|Any CPU.Build.0 = Debug|Any CPU
		{DA6597F8-D81D-7392-4153-989F1B5635BC}.Release|Any CPU.ActiveCfg = Release|Any CPU
		{DA6597F8-D81D-7392-4153-989F1B5635BC}.Release|Any CPU.Build.0 = Release|Any CPU
		{1E40009F-54A0-8784-7807-A3C2889BB643}.Debug|Any CPU.ActiveCfg = Debug|Any CPU
		{1E40009F-54A0-8784-7807-A3C2889BB643}.Debug|Any CPU.Build.0 = Debug|Any CPU
		{1E40009F-54A0-8784-7807-A3C2889BB643}.Release|Any CPU.ActiveCfg = Release|Any CPU
		{1E40009F-54A0-8784-7807-A3C2889BB643}.Release|Any CPU.Build.0 = Release|Any CPU
	EndGlobalSection
	GlobalSection(SolutionProperties) = preSolution
		HideSolutionNode = FALSE
	EndGlobalSection
EndGlobal
